
Microsoft Visual Studio Solution File, Format Version 12.00
# Visual Studio 2013
VisualStudioVersion = 12.0.20623.1 VSUPREVIEW
MinimumVisualStudioVersion = 10.0.40219.1
Project("{FAE04EC0-301F-11D3-BF4B-00C04F79EFBC}") = "LED", "LED\LED.csproj", "{FE4AB931-97F5-4C84-B5F9-62396B92555E}"
EndProject
Project("{FAE04EC0-301F-11D3-BF4B-00C04F79EFBC}") = "INI", "INI\INI.csproj", "{6FB5A9CA-7B1E-423C-9091-0D2BDB53866A}"
EndProject
Global
	GlobalSection(SolutionConfigurationPlatforms) = preSolution
		Debug|Any CPU = Debug|Any CPU
		Release|Any CPU = Release|Any CPU
	EndGlobalSection
	GlobalSection(ProjectConfigurationPlatforms) = postSolution
		{FE4AB931-97F5-4C84-B5F9-62396B92555E}.Debug|Any CPU.ActiveCfg = Debug|Any CPU
		{FE4AB931-97F5-4C84-B5F9-62396B92555E}.Debug|Any CPU.Build.0 = Debug|Any CPU
		{FE4AB931-97F5-4C84-B5F9-62396B92555E}.Release|Any CPU.ActiveCfg = Release|Any CPU
		{FE4AB931-97F5-4C84-B5F9-62396B92555E}.Release|Any CPU.Build.0 = Release|Any CPU
		{6FB5A9CA-7B1E-423C-9091-0D2BDB53866A}.Debug|Any CPU.ActiveCfg = Debug|Any CPU
		{6FB5A9CA-7B1E-423C-9091-0D2BDB53866A}.Debug|Any CPU.Build.0 = Debug|Any CPU
		{6FB5A9CA-7B1E-423C-9091-0D2BDB53866A}.Release|Any CPU.ActiveCfg = Release|Any CPU
		{6FB5A9CA-7B1E-423C-9091-0D2BDB53866A}.Release|Any CPU.Build.0 = Release|Any CPU
	EndGlobalSection
	GlobalSection(SolutionProperties) = preSolution
		HideSolutionNode = FALSE
	EndGlobalSection
EndGlobal
